
Microsoft Visual Studio Solution File, Format Version 12.00
# Visual Studio Version 16
VisualStudioVersion = 16.0.29102.190
MinimumVisualStudioVersion = 10.0.40219.1
Project("{FAE04EC0-301F-11D3-BF4B-00C04F79EFBC}") = "ShippingQuoteAssignment", "ShippingQuoteAssignment\ShippingQuoteAssignment.csproj", "{294E9551-D170-4476-91AD-AAA14F37B39B}"
EndProject
Global
	GlobalSection(SolutionConfigurationPlatforms) = preSolution
		Debug|Any CPU = Debug|Any CPU
		Release|Any CPU = Release|Any CPU
	EndGlobalSection
	GlobalSection(ProjectConfigurationPlatforms) = postSolution
		{294E9551-D170-4476-91AD-AAA14F37B39B}.Debug|Any CPU.ActiveCfg = Debug|Any CPU
		{294E9551-D170-4476-91AD-AAA14F37B39B}.Debug|Any CPU.Build.0 = Debug|Any CPU
		{294E9551-D170-4476-91AD-AAA14F37B39B}.Release|Any CPU.ActiveCfg = Release|Any CPU
		{294E9551-D170-4476-91AD-AAA14F37B39B}.Release|Any CPU.Build.0 = Release|Any CPU
	EndGlobalSection
	GlobalSection(SolutionProperties) = preSolution
		HideSolutionNode = FALSE
	EndGlobalSection
	GlobalSection(ExtensibilityGlobals) = postSolution
		SolutionGuid = {5B0564AD-70A6-4910-8327-4903588EF7F7}
	EndGlobalSection
EndGlobal
